{
    "version": 3,
    "terraform_version": "0.11.10",
    "serial": 59,
    "lineage": "35e0598a-aa64-76ff-86a3-2e12fd19b35d",
    "modules": [
        {
            "path": [
                "root"
            ],
            "outputs": {},
            "resources": {
                "aws_instance.magic8": {
                    "type": "aws_instance",
                    "depends_on": [],
                    "primary": {
                        "id": "i-0e6a27ce8149e175b",
                        "attributes": {
                            "ami": "ami-032509850cf9ee54e",
                            "arn": "arn:aws:ec2:us-west-2:867926185531:instance/i-0e6a27ce8149e175b",
                            "associate_public_ip_address": "true",
                            "availability_zone": "us-west-2a",
                            "cpu_core_count": "1",
                            "cpu_threads_per_core": "1",
                            "credit_specification.#": "1",
                            "credit_specification.0.cpu_credits": "standard",
                            "disable_api_termination": "false",
                            "ebs_block_device.#": "0",
                            "ebs_optimized": "false",
                            "ephemeral_block_device.#": "0",
                            "get_password_data": "false",
                            "iam_instance_profile": "",
                            "id": "i-0e6a27ce8149e175b",
                            "instance_state": "running",
                            "instance_type": "t2.micro",
                            "ipv6_addresses.#": "0",
                            "key_name": "magic8ball",
                            "monitoring": "false",
                            "network_interface.#": "0",
                            "network_interface_id": "eni-0d04729b0678d94ab",
                            "password_data": "",
                            "placement_group": "",
                            "primary_network_interface_id": "eni-0d04729b0678d94ab",
                            "private_dns": "ip-172-31-22-47.us-west-2.compute.internal",
                            "private_ip": "172.31.22.47",
                            "public_dns": "ec2-18-236-99-255.us-west-2.compute.amazonaws.com",
                            "public_ip": "18.236.99.255",
                            "root_block_device.#": "1",
                            "root_block_device.0.delete_on_termination": "true",
                            "root_block_device.0.iops": "100",
                            "root_block_device.0.volume_id": "vol-06a1448adf9445bd1",
                            "root_block_device.0.volume_size": "8",
                            "root_block_device.0.volume_type": "gp2",
                            "security_groups.#": "1",
                            "security_groups.3814588639": "default",
                            "source_dest_check": "true",
                            "subnet_id": "subnet-fcefbf85",
                            "tags.%": "0",
                            "tenancy": "default",
                            "user_data": "92631b0b5cfa414d1bc92bbdd51349291382b598",
                            "volume_tags.%": "0",
                            "vpc_security_group_ids.#": "1",
                            "vpc_security_group_ids.3223263074": "sg-3ee4a64d"
                        },
                        "meta": {
                            "e2bfb730-ecaa-11e6-8f88-34363bc7c4c0": {
                                "create": 600000000000,
                                "delete": 1200000000000,
                                "update": 600000000000
                            },
                            "schema_version": "1"
                        },
                        "tainted": true
                    },
                    "deposed": [],
                    "provider": "provider.aws"
                },
                "aws_key_pair.magic8ball": {
                    "type": "aws_key_pair",
                    "depends_on": [],
                    "primary": {
                        "id": "magic8ball",
                        "attributes": {
                            "fingerprint": "38:ac:6b:92:99:4e:31:c1:a9:1a:ba:91:ea:4f:45:74",
                            "id": "magic8ball",
                            "key_name": "magic8ball",
                            "public_key": "ssh-rsa AAAAB3NzaC1yc2EAAAADAQABAAABAQDkVmYxQjVLe8bHrfExUK9nEaYEoXVnkJCowQQOSdhSUud8iFfcXPv4ecoNcACss6zefgfWUcTKmk/e8IptZx8MJm5PqNynivMjYLYZyV8Pxi1Z/w0fIlisFKpnFNCgel5JEKJzosOqn0NIYAvhBDdxaolx/Lnear1ZIIbAgxKmGUdyPGS3G65/X9ssybjeiYqBlj+FU1BaWGMmeCXLLikd5DMfjJKmSqqYhVVH96GABpQTjCkT+pOklW3HR0Ajp55igecdxN+e3H1g/KLMAG2ydBmtf+apgCDC/mBZE9QDCAG5TT6CT4a72JKNF9uRtQJM0kYvW7oM+iUDdkJfSxTf abdugofir@Abdugofirs-MacBook-Pro.local"
                        },
                        "meta": {
                            "schema_version": "1"
                        },
                        "tainted": false
                    },
                    "deposed": [],
                    "provider": "provider.aws"
                }
            },
            "depends_on": []
        }
    ]
}
